
Microsoft Visual Studio Solution File, Format Version 12.00
# Visual Studio Version 16
VisualStudioVersion = 16.0.29806.167
MinimumVisualStudioVersion = 10.0.40219.1
Project("{FAE04EC0-301F-11D3-BF4B-00C04F79EFBC}") = "Game Test Server", "Game Test Server\Game Test Server.csproj", "{5125FAE9-CC51-44CD-921A-0A2ADD2D668C}"
EndProject
Global
	GlobalSection(SolutionConfigurationPlatforms) = preSolution
		Debug|Any CPU = Debug|Any CPU
		Release|Any CPU = Release|Any CPU
	EndGlobalSection
	GlobalSection(ProjectConfigurationPlatforms) = postSolution
		{5125FAE9-CC51-44CD-921A-0A2ADD2D668C}.Debug|Any CPU.ActiveCfg = Debug|Any CPU
		{5125FAE9-CC51-44CD-921A-0A2ADD2D668C}.Debug|Any CPU.Build.0 = Debug|Any CPU
		{5125FAE9-CC51-44CD-921A-0A2ADD2D668C}.Release|Any CPU.ActiveCfg = Release|Any CPU
		{5125FAE9-CC51-44CD-921A-0A2ADD2D668C}.Release|Any CPU.Build.0 = Release|Any CPU
	EndGlobalSection
	GlobalSection(SolutionProperties) = preSolution
		HideSolutionNode = FALSE
	EndGlobalSection
	GlobalSection(ExtensibilityGlobals) = postSolution
		SolutionGuid = {0D7EC456-1A3C-4FC9-AC55-979F25EA572C}
	EndGlobalSection
EndGlobal
